
Microsoft Visual Studio Solution File, Format Version 12.00
# Visual Studio Version 17
VisualStudioVersion = 17.1.32228.430
MinimumVisualStudioVersion = 10.0.40219.1
Project("{FAE04EC0-301F-11D3-BF4B-00C04F79EFBC}") = "BB205_Pronia", "BB205_Pronia\BB205_Pronia.csproj", "{DFFAAF7A-EB35-4BFE-908E-B9007DC5E5E5}"
EndProject
Global
	GlobalSection(SolutionConfigurationPlatforms) = preSolution
		Debug|Any CPU = Debug|Any CPU
		Release|Any CPU = Release|Any CPU
	EndGlobalSection
	GlobalSection(ProjectConfigurationPlatforms) = postSolution
		{DFFAAF7A-EB35-4BFE-908E-B9007DC5E5E5}.Debug|Any CPU.ActiveCfg = Debug|Any CPU
		{DFFAAF7A-EB35-4BFE-908E-B9007DC5E5E5}.Debug|Any CPU.Build.0 = Debug|Any CPU
		{DFFAAF7A-EB35-4BFE-908E-B9007DC5E5E5}.Release|Any CPU.ActiveCfg = Release|Any CPU
		{DFFAAF7A-EB35-4BFE-908E-B9007DC5E5E5}.Release|Any CPU.Build.0 = Release|Any CPU
	EndGlobalSection
	GlobalSection(SolutionProperties) = preSolution
		HideSolutionNode = FALSE
	EndGlobalSection
	GlobalSection(ExtensibilityGlobals) = postSolution
		SolutionGuid = {E4B83C62-CD38-4853-B2F3-03CA637B1208}
	EndGlobalSection
EndGlobal
